# THIS IS AN AUTOGENERATED FILE. DO NOT EDIT THIS FILE DIRECTLY.
# yarn lockfile v1


"@babel/runtime@^7.25.0":
  version "7.29.7"
  resolved "https://registry.yarnpkg.com/@babel/runtime/-/runtime-7.29.7.tgz#12022450c45a4da6d8d8287b18a4ff2ddb23f768"
  integrity sha512-Nq8OhGWiZIZGV6hLHoyAKLLcJihP/xFeBMGJoUrxTX2psI8dCifzLhZISFb+VWS3wFMRDmCGw5R+dOySCqPLhw==

"@noble/curves@^1.4.2":
  version "1.9.7"
  resolved "https://registry.yarnpkg.com/@noble/curves/-/curves-1.9.7.tgz#79d04b4758a43e4bca2cbdc62e7771352fa6b951"
  integrity sha512-gbKGcRUYIjA3/zCCNaWDciTMFI0dCkvou3TL8Zmy5Nc7sJ47a0jtOeZoTaMxkuqRo9cRhjOdZJXegxYE5FN/xw==
  dependencies:
    "@noble/hashes" "1.8.0"

"@noble/hashes@1.8.0", "@noble/hashes@^1.4.0":
  version "1.8.0"
  resolved "https://registry.yarnpkg.com/@noble/hashes/-/hashes-1.8.0.tgz#cee43d801fcef9644b11b8194857695acd5f815a"
  integrity sha512-jCs9ldd7NwzpgXDIf6P3+NrHh9/sD6CQdxHyjQI+h/6rDNo88ypBxxz45UDuZHz9r3tNz7N/VInSVoVdtXEI4A==

"@solana-program/address-lookup-table@^0.11.0":
  version "0.11.0"
  resolved "https://registry.yarnpkg.com/@solana-program/address-lookup-table/-/address-lookup-table-0.11.0.tgz#90f9c290b13c51be98b39597e0e502f31415fbf0"
  integrity sha512-loC6VTEhmhYSq2ElZrv+V9uHp/Te6A7rllLIArk9c3A5+5V7sRhVsxZvsPGcv/WMXLgqmXR+Vl7WF7QSV3tXNQ==

"@solana-program/compute-budget@^0.15.0":
  version "0.15.0"
  resolved "https://registry.yarnpkg.com/@solana-program/compute-budget/-/compute-budget-0.15.0.tgz#b6e2d1d1314afe6b4af116c0e54eddfd9f5bd54b"
  integrity sha512-toejNdIkzpUTqLSIzP0Nofr/EFel8QpPWuTtIKzfCcjn+mXpkThHxPJaNesk251rSTiWaxDZ3WxG7RxYwTWTqA==

"@solana-program/stake@^0.6.1":
  version "0.6.1"
  resolved "https://registry.yarnpkg.com/@solana-program/stake/-/stake-0.6.1.tgz#a05369615b91188c84cabb85c1a5b5710cccdce6"
  integrity sha512-Jgo6hNnByGH7Nch+MrybYselbGLTtaq+/sUnMpf0DY7KtujM8lWmZYLg+eUaea9pyW47b6LVS3WXXE9vMdWraQ==

"@solana-program/system@^0.12.0":
  version "0.12.2"
  resolved "https://registry.yarnpkg.com/@solana-program/system/-/system-0.12.2.tgz#bd5d77350e4576a193324045283a7091155ef830"
  integrity sha512-MaBeOxlvTruQhA7UYkOb3hVTEHPPagOtd+PvTm6a8rGgvEAP0kD4BbC37NceOaR4ABNqdaCmD5OMVRKgrE6KAg==

"@solana/accounts@6.10.0":
  version "6.10.0"
  resolved "https://registry.yarnpkg.com/@solana/accounts/-/accounts-6.10.0.tgz#8b6baf344350727f3998fd0240ccee1720f4b883"
  integrity sha512-+FxfDOrnifoPlBkF+fr8eeQdgM6xtIgAg9xKMu3WnIz60oZd4Xnry6+ff6t+ePPoZZp397FSg9ZJet68VCWm5Q==
  dependencies:
    "@solana/addresses" "6.10.0"
    "@solana/codecs-core" "6.10.0"
    "@solana/codecs-strings" "6.10.0"
    "@solana/errors" "6.10.0"
    "@solana/rpc-spec" "6.10.0"
    "@solana/rpc-types" "6.10.0"

"@solana/addresses@6.10.0":
  version "6.10.0"
  resolved "https://registry.yarnpkg.com/@solana/addresses/-/addresses-6.10.0.tgz#447d16332816b63ebf53fef1bcb6e7b70fb8ce0e"
  integrity sha512-vEoCGBTxG0HCERAn84KXkrJjl+pDaNzOpZ0qbgcPS98fYxP5yzbKB8SNOY2bzrbkRUmmw5Q3hqTRERemUN2Gcw==
  dependencies:
    "@solana/assertions" "6.10.0"
    "@solana/codecs-core" "6.10.0"
    "@solana/codecs-strings" "6.10.0"
    "@solana/errors" "6.10.0"
    "@solana/nominal-types" "6.10.0"

"@solana/assertions@6.10.0", "@solana/assertions@^6.8.0":
  version "6.10.0"
  resolved "https://registry.yarnpkg.com/@solana/assertions/-/assertions-6.10.0.tgz#58998f43b45b234cf95d0777505258f47901b440"
  integrity sha512-lKSAdVo+P/6Lp4vs6shstXmFOpvxrABwn4o1462tb7sKkNapk6o9pPFVPGw4DUgPS3WqWRs1j2tmpuVjhQRntg==
  dependencies:
    "@solana/errors" "6.10.0"

"@solana/buffer-layout@^4.0.1":
  version "4.0.1"
  resolved "https://registry.yarnpkg.com/@solana/buffer-layout/-/buffer-layout-4.0.1.tgz#b996235eaec15b1e0b5092a8ed6028df77fa6c15"
  integrity sha512-E1ImOIAD1tBZFRdjeM4/pzTiTApC0AOBGwyAMS4fwIodCWArzJ3DWdoh8cKxeFM2fElkxBh2Aqts1BPC373rHA==
  dependencies:
    buffer "~6.0.3"

"@solana/codecs-core@2.3.0":
  version "2.3.0"
  resolved "https://registry.yarnpkg.com/@solana/codecs-core/-/codecs-core-2.3.0.tgz#6bf2bb565cb1ae880f8018635c92f751465d8695"
  integrity sha512-oG+VZzN6YhBHIoSKgS5ESM9VIGzhWjEHEGNPSibiDTxFhsFWxNaz8LbMDPjBUE69r9wmdGLkrQ+wVPbnJcZPvw==
  dependencies:
    "@solana/errors" "2.3.0"

"@solana/codecs-core@6.10.0":
  version "6.10.0"
  resolved "https://registry.yarnpkg.com/@solana/codecs-core/-/codecs-core-6.10.0.tgz#fa385a6dfdaf95a76a1d1a4b59c678f800c7ec4c"
  integrity sha512-nfAl9OMGo4HanIMxGsQoVB7BxMoqBCYEUxl8oEAZZ09pDxnaXQZkTRXEwPPccag37XfW1ciPd1vWPKwB2b0HHQ==
  dependencies:
    "@solana/errors" "6.10.0"

"@solana/codecs-data-structures@6.10.0":
  version "6.10.0"
  resolved "https://registry.yarnpkg.com/@solana/codecs-data-structures/-/codecs-data-structures-6.10.0.tgz#17e51ab92299558cf55c8f29e4d02c140608795c"
  integrity sha512-CNasJW3bq5u+632Zt5aJ8rOjAjv2HyenpV8o9kAIqdmV4CBpjCCoBnKn8LkuR/sbeREZxJYfhKTXO/9ruAkw7A==
  dependencies:
    "@solana/codecs-core" "6.10.0"
    "@solana/codecs-numbers" "6.10.0"
    "@solana/errors" "6.10.0"

"@solana/codecs-numbers@6.10.0":
  version "6.10.0"
  resolved "https://registry.yarnpkg.com/@solana/codecs-numbers/-/codecs-numbers-6.10.0.tgz#17dee1edac03f73d22bf11629c6a6e784f10290d"
  integrity sha512-CcM+wX4zOiA9zkh8A7t1787A0Ehgmu5+6Z2tKoHew6cNw/dkaUTPa8JnNHbvfsLC8dfHC1BhAEJl86sKmRsfkQ==
  dependencies:
    "@solana/codecs-core" "6.10.0"
    "@solana/errors" "6.10.0"

"@solana/codecs-numbers@^2.1.0":
  version "2.3.0"
  resolved "https://registry.yarnpkg.com/@solana/codecs-numbers/-/codecs-numbers-2.3.0.tgz#ac7e7f38aaf7fcd22ce2061fbdcd625e73828dc6"
  integrity sha512-jFvvwKJKffvG7Iz9dmN51OGB7JBcy2CJ6Xf3NqD/VP90xak66m/Lg48T01u5IQ/hc15mChVHiBm+HHuOFDUrQg==
  dependencies:
    "@solana/codecs-core" "2.3.0"
    "@solana/errors" "2.3.0"

"@solana/codecs-strings@6.10.0":
  version "6.10.0"
  resolved "https://registry.yarnpkg.com/@solana/codecs-strings/-/codecs-strings-6.10.0.tgz#06755cb5785af404412cb03fa49b41a40d956b49"
  integrity sha512-zlaqkg7K6F6IN4V/Ec8TWkTn054gxv7ZLagvGkuEyAdPQ6BzzsehOm2TqCuyXgJJTCGPLY1bEk6yH9NxANe0kA==
  dependencies:
    "@solana/codecs-core" "6.10.0"
    "@solana/codecs-numbers" "6.10.0"
    "@solana/errors" "6.10.0"

"@solana/codecs@6.10.0":
  version "6.10.0"
  resolved "https://registry.yarnpkg.com/@solana/codecs/-/codecs-6.10.0.tgz#fbfea2b4cb71bf6c95c683da3fae430632371225"
  integrity sha512-lLVuxod4ChWp9i7OvpgIykYG8Q9OGPVXKnHM9VlzDDLylsx7Y1FoQL00sHa7PqFkJVmkBufaA6dcGbQ7FU+lAQ==
  dependencies:
    "@solana/codecs-core" "6.10.0"
    "@solana/codecs-data-structures" "6.10.0"
    "@solana/codecs-numbers" "6.10.0"
    "@solana/codecs-strings" "6.10.0"
    "@solana/fixed-points" "6.10.0"
    "@solana/options" "6.10.0"

"@solana/errors@2.3.0":
  version "2.3.0"
  resolved "https://registry.yarnpkg.com/@solana/errors/-/errors-2.3.0.tgz#4ac9380343dbeffb9dffbcb77c28d0e457c5fa31"
  integrity sha512-66RI9MAbwYV0UtP7kGcTBVLxJgUxoZGm8Fbc0ah+lGiAw17Gugco6+9GrJCV83VyF2mDWyYnYM9qdI3yjgpnaQ==
  dependencies:
    chalk "^5.4.1"
    commander "^14.0.0"

"@solana/errors@6.10.0":
  version "6.10.0"
  resolved "https://registry.yarnpkg.com/@solana/errors/-/errors-6.10.0.tgz#46752a9cfb67db713399f884dd1b110d87b6d327"
  integrity sha512-KBLAxCtAXr357JNhCyIDQXWbuSj5vN6w+28FSfcYY6OOSiphmXLAV3V58jgV0C6iNbIzFJFi6yatFyDTdeJsNg==
  dependencies:
    chalk "5.6.2"
    commander "15.0.0"

"@solana/fast-stable-stringify@6.10.0", "@solana/fast-stable-stringify@^6.8.0":
  version "6.10.0"
  resolved "https://registry.yarnpkg.com/@solana/fast-stable-stringify/-/fast-stable-stringify-6.10.0.tgz#e2987e7d7ba0912d96831529eeda09bb7b50b5cf"
  integrity sha512-iCNed27wk6PKSS3QUtHovRfMWF/jbVWogs2vB4tukKUCsqG4rDfDInIwZ6ur/nY6XTrgi2gMMdZq9GAUlWsbfw==

"@solana/fixed-points@6.10.0":
  version "6.10.0"
  resolved "https://registry.yarnpkg.com/@solana/fixed-points/-/fixed-points-6.10.0.tgz#bbb24e788e8014378c4bbb5caa98d219dcf02957"
  integrity sha512-ZkKL0alXH3L7/wMiVG8YUuG8qBKunlM810+YBD7nUPRhifiGsX1zwADViHLYNqLr/jUk0mTYFUcKznTpB/K+Gg==
  dependencies:
    "@solana/codecs-core" "6.10.0"
    "@solana/errors" "6.10.0"

"@solana/functional@6.10.0":
  version "6.10.0"
  resolved "https://registry.yarnpkg.com/@solana/functional/-/functional-6.10.0.tgz#f981f44f85ab866e948a68c74268c9af51af5e8e"
  integrity sha512-P8cevu4mAqHTXC37h1TVoOh8zhWB2tlOI/R9vWjYPpcLwcyWf8p2qq4LEGHl5kY+1C+4PNX39HsmCocXOPCDkQ==

"@solana/instruction-plans@6.10.0":
  version "6.10.0"
  resolved "https://registry.yarnpkg.com/@solana/instruction-plans/-/instruction-plans-6.10.0.tgz#929ab0f781405f9a5e21ee68eefc5d37cf3b95cb"
  integrity sha512-YG7mo4zykzdc6ZTV0BuN6pveK9qeBySzlYYerq578A4eQu3xcypMAYRGAvhMZtWTanjjmD6CKtM0M7kVp0TNxg==
  dependencies:
    "@solana/errors" "6.10.0"
    "@solana/instructions" "6.10.0"
    "@solana/keys" "6.10.0"
    "@solana/promises" "6.10.0"
    "@solana/transaction-messages" "6.10.0"
    "@solana/transactions" "6.10.0"

"@solana/instructions@6.10.0":
  version "6.10.0"
  resolved "https://registry.yarnpkg.com/@solana/instructions/-/instructions-6.10.0.tgz#7e326eafbb55e57bc44b1484e29362645fd8931d"
  integrity sha512-0TToYF+8LXQ3ofPMx+yF6yaM9l4YJvcAPMy0qV5JsrBUFlWXBSANRuudKBQLHMvb+a3OiUTq5X7omuorKMBB3A==
  dependencies:
    "@solana/codecs-core" "6.10.0"
    "@solana/errors" "6.10.0"

"@solana/keys@6.10.0":
  version "6.10.0"
  resolved "https://registry.yarnpkg.com/@solana/keys/-/keys-6.10.0.tgz#d2ba341c36ae9638b915e2af258fa57488052867"
  integrity sha512-26IRfdm/hTUCmM7MeEeX0ULSbCM6OzkZTkfkrPircqmRM7xyNqP4hq7u0P7wjb9dl7NfgyG6K7cdvUxrj2e3mA==
  dependencies:
    "@solana/assertions" "6.10.0"
    "@solana/codecs-core" "6.10.0"
    "@solana/codecs-strings" "6.10.0"
    "@solana/errors" "6.10.0"
    "@solana/nominal-types" "6.10.0"
    "@solana/promises" "6.10.0"

"@solana/kit@^6.10.0", "@solana/kit@^6.8.0":
  version "6.10.0"
  resolved "https://registry.yarnpkg.com/@solana/kit/-/kit-6.10.0.tgz#936ce0321eb6e70e5c42127624c690264f52cd09"
  integrity sha512-/WnnQp3uARh2JCFSfAakejTAqwmXVuMVTcRn5r2yDwY2yzZ4R6mt/Cl59VPimVLNSoTyN/KsEwhv9omr3ERazQ==
  dependencies:
    "@solana/accounts" "6.10.0"
    "@solana/addresses" "6.10.0"
    "@solana/codecs" "6.10.0"
    "@solana/errors" "6.10.0"
    "@solana/functional" "6.10.0"
    "@solana/instruction-plans" "6.10.0"
    "@solana/instructions" "6.10.0"
    "@solana/keys" "6.10.0"
    "@solana/offchain-messages" "6.10.0"
    "@solana/plugin-core" "6.10.0"
    "@solana/plugin-interfaces" "6.10.0"
    "@solana/program-client-core" "6.10.0"
    "@solana/programs" "6.10.0"
    "@solana/rpc" "6.10.0"
    "@solana/rpc-api" "6.10.0"
    "@solana/rpc-parsed-types" "6.10.0"
    "@solana/rpc-spec-types" "6.10.0"
    "@solana/rpc-subscriptions" "6.10.0"
    "@solana/rpc-types" "6.10.0"
    "@solana/signers" "6.10.0"
    "@solana/subscribable" "6.10.0"
    "@solana/sysvars" "6.10.0"
    "@solana/transaction-confirmation" "6.10.0"
    "@solana/transaction-messages" "6.10.0"
    "@solana/transactions" "6.10.0"

"@solana/nominal-types@6.10.0":
  version "6.10.0"
  resolved "https://registry.yarnpkg.com/@solana/nominal-types/-/nominal-types-6.10.0.tgz#507895bbbfd9abc54fffdd903ca2738f7210c558"
  integrity sha512-9ykyBBvnkInH7fCacjJi7zu2PJyd+OCt+VTjIISv070fHzKIMFqZqJJ/dJ0SRH2aHwfB3n86iVsmtBtuxi4KKA==

"@solana/offchain-messages@6.10.0":
  version "6.10.0"
  resolved "https://registry.yarnpkg.com/@solana/offchain-messages/-/offchain-messages-6.10.0.tgz#34bde47866f2ff75438b783a8926fcb3f35d2f84"
  integrity sha512-RiEgAueeMkFMC1suOXBIcmCZgtXRxy24yk0DldPB37bB4zwOF1SAaRjNRPjIkGK8RhCYrEpPosnzLyavw9ueRg==
  dependencies:
    "@solana/addresses" "6.10.0"
    "@solana/codecs-core" "6.10.0"
    "@solana/codecs-data-structures" "6.10.0"
    "@solana/codecs-numbers" "6.10.0"
    "@solana/codecs-strings" "6.10.0"
    "@solana/errors" "6.10.0"
    "@solana/keys" "6.10.0"
    "@solana/nominal-types" "6.10.0"

"@solana/options@6.10.0":
  version "6.10.0"
  resolved "https://registry.yarnpkg.com/@solana/options/-/options-6.10.0.tgz#b36eb988d2bf7ebbeaad3fba4ec31f8273bd93ea"
  integrity sha512-RO9UT3UYD8/Cu2uM6ZXbKvLeMnVD42+g9JRds7Pfs4AhiOyg4R4TJrQUAppTgavPTO3PBRlWtWOC05ZH/yAIbg==
  dependencies:
    "@solana/codecs-core" "6.10.0"
    "@solana/codecs-data-structures" "6.10.0"
    "@solana/codecs-numbers" "6.10.0"
    "@solana/codecs-strings" "6.10.0"
    "@solana/errors" "6.10.0"

"@solana/plugin-core@6.10.0":
  version "6.10.0"
  resolved "https://registry.yarnpkg.com/@solana/plugin-core/-/plugin-core-6.10.0.tgz#82175548e2debfdb56fe218ea3670d556cbb8d34"
  integrity sha512-JE70YTQOfFACVFGvoJon4Scc/eHUWjMu8Ovo35CcV2kHTAHYMCd4UkBd2gmlhK0vRMMomsQi1ZLPlAlTq0OoUQ==

"@solana/plugin-interfaces@6.10.0":
  version "6.10.0"
  resolved "https://registry.yarnpkg.com/@solana/plugin-interfaces/-/plugin-interfaces-6.10.0.tgz#e012cf8ecc2086904c9471322c5bf5754ae485d1"
  integrity sha512-vr0/l9wcM4orwGr8cjkFWaJ9A4HvzuAv00jMFNMg0Spd0GZqnwnpW+D/fXa1lIJnTRaF3EeEjLh4VjKU037T0Q==
  dependencies:
    "@solana/addresses" "6.10.0"
    "@solana/instruction-plans" "6.10.0"
    "@solana/keys" "6.10.0"
    "@solana/rpc-spec" "6.10.0"
    "@solana/rpc-subscriptions-spec" "6.10.0"
    "@solana/rpc-types" "6.10.0"
    "@solana/signers" "6.10.0"

"@solana/program-client-core@6.10.0":
  version "6.10.0"
  resolved "https://registry.yarnpkg.com/@solana/program-client-core/-/program-client-core-6.10.0.tgz#d411fc6fcfce5c04d01e014dbd6f0975a2172e01"
  integrity sha512-4PPbTLdC1ylHIuvhOFDP8RnSkXPCFjNFWGslzc+UFKnoR4ajzBcByX94jmaruDMk5ncxgj7tr9pzJTvfGHIaMA==
  dependencies:
    "@solana/accounts" "6.10.0"
    "@solana/addresses" "6.10.0"
    "@solana/codecs-core" "6.10.0"
    "@solana/errors" "6.10.0"
    "@solana/instruction-plans" "6.10.0"
    "@solana/instructions" "6.10.0"
    "@solana/plugin-interfaces" "6.10.0"
    "@solana/rpc-api" "6.10.0"
    "@solana/signers" "6.10.0"

"@solana/programs@6.10.0":
  version "6.10.0"
  resolved "https://registry.yarnpkg.com/@solana/programs/-/programs-6.10.0.tgz#5dca0efea92d9dfccecb513fe63b1cae2a3eaa81"
  integrity sha512-qn/HeLP5KGUJXVub3fyGe69/rWaLX4jzwm6V/1pNxJDbdF+MBdgn18hP6F+VmhfdNmwK0lue3J/1HQ1UTMuQeQ==
  dependencies:
    "@solana/addresses" "6.10.0"
    "@solana/errors" "6.10.0"

"@solana/promises@6.10.0":
  version "6.10.0"
  resolved "https://registry.yarnpkg.com/@solana/promises/-/promises-6.10.0.tgz#6ac79acb1d4561108278e4cc563c1eb3a4db6155"
  integrity sha512-oJSIn+VBBMWDo8oqw7RV3tI6Jih+Ieup6FcQLYLDUriaeo7+8l1Zdezl8zh7SIfeU4lOfAbRg6mR0huaS/Lltg==

"@solana/rpc-api@6.10.0":
  version "6.10.0"
  resolved "https://registry.yarnpkg.com/@solana/rpc-api/-/rpc-api-6.10.0.tgz#45db546a004b5fa748c1ddc4f47abb134db0b987"
  integrity sha512-RjPIVsAb/85P1ptoO3WpC0x7QG6gG/e4q/3lo6gbSznUZOcoM+8sSBnCX7BwP1ZkCDS6NK/ClXLnhhhYZx+OGg==
  dependencies:
    "@solana/addresses" "6.10.0"
    "@solana/codecs-core" "6.10.0"
    "@solana/codecs-strings" "6.10.0"
    "@solana/errors" "6.10.0"
    "@solana/keys" "6.10.0"
    "@solana/rpc-parsed-types" "6.10.0"
    "@solana/rpc-spec" "6.10.0"
    "@solana/rpc-transformers" "6.10.0"
    "@solana/rpc-types" "6.10.0"
    "@solana/transaction-messages" "6.10.0"
    "@solana/transactions" "6.10.0"

"@solana/rpc-parsed-types@6.10.0":
  version "6.10.0"
  resolved "https://registry.yarnpkg.com/@solana/rpc-parsed-types/-/rpc-parsed-types-6.10.0.tgz#a8206a155b000024d38aaf92d6918d8b6fb2242a"
  integrity sha512-5275mvSV1mxhwvrMVa+K7BU/nAetpHfcb+8Ql9rtA8RRf6DyiimFQFZUukE4Ez6XJihEpCHNy98yhkgai9wytQ==

"@solana/rpc-spec-types@6.10.0", "@solana/rpc-spec-types@^6.8.0":
  version "6.10.0"
  resolved "https://registry.yarnpkg.com/@solana/rpc-spec-types/-/rpc-spec-types-6.10.0.tgz#e2e45909fddc2dac7d4500dc35de97b035bc6ad2"
  integrity sha512-NDZrKyZrJk4HaMFhTE/lAiMB824cWAodKqDHyKi0UteHU9pyRmil3BN1jt7e+j08mwMWwfklSgyrTaq52g6DIQ==

"@solana/rpc-spec@6.10.0":
  version "6.10.0"
  resolved "https://registry.yarnpkg.com/@solana/rpc-spec/-/rpc-spec-6.10.0.tgz#908a1d07c2babd34e9ef23d485c61a49d209d381"
  integrity sha512-yQdbWw5mZEWrwsunHR9NHkuhMXIB9sPOObwm18D53v5tAJnxTB0IcHvO647XqFDLTK/yQ4AdDtlYD1vsY07AMQ==
  dependencies:
    "@solana/errors" "6.10.0"
    "@solana/rpc-spec-types" "6.10.0"
    "@solana/subscribable" "6.10.0"

"@solana/rpc-subscriptions-api@6.10.0":
  version "6.10.0"
  resolved "https://registry.yarnpkg.com/@solana/rpc-subscriptions-api/-/rpc-subscriptions-api-6.10.0.tgz#4915f554fc291c8cbb3d739c11234b1b028a7f64"
  integrity sha512-CRPQoTtT1cOwOQUsqS7jgo7wYdAj7jB5ab/UmMPWVpecf2FNMhWhgvxP2s82M7VkDGTGl13qaQ0WySmi7Egrlg==
  dependencies:
    "@solana/addresses" "6.10.0"
    "@solana/keys" "6.10.0"
    "@solana/rpc-subscriptions-spec" "6.10.0"
    "@solana/rpc-transformers" "6.10.0"
    "@solana/rpc-types" "6.10.0"
    "@solana/transaction-messages" "6.10.0"
    "@solana/transactions" "6.10.0"

"@solana/rpc-subscriptions-channel-websocket@6.10.0":
  version "6.10.0"
  resolved "https://registry.yarnpkg.com/@solana/rpc-subscriptions-channel-websocket/-/rpc-subscriptions-channel-websocket-6.10.0.tgz#104cfd646c30544c9f82bbec77a61ad40c42f8b3"
  integrity sha512-KkqP1186HELPlJftA88SNAT2znR8knCVzsUipXVzY4zfW8sN3LOa0ePMzh9VZ/V+J+raTt55laR87ovAO0n+zw==
  dependencies:
    "@solana/errors" "6.10.0"
    "@solana/functional" "6.10.0"
    "@solana/rpc-subscriptions-spec" "6.10.0"
    "@solana/subscribable" "6.10.0"
    ws "^8.21.0"

"@solana/rpc-subscriptions-spec@6.10.0":
  version "6.10.0"
  resolved "https://registry.yarnpkg.com/@solana/rpc-subscriptions-spec/-/rpc-subscriptions-spec-6.10.0.tgz#b56b90f6f650e997d29e964dfba2f38d4c411d8a"
  integrity sha512-nWMwGaG4ulzeX2sskY5TywXF3cwEd8FDmUpLe2JBWxE8XDAOGOKcsYPYFcBgb8ee9KqfPT2PTNdcz9jOhJf34w==
  dependencies:
    "@solana/errors" "6.10.0"
    "@solana/promises" "6.10.0"
    "@solana/rpc-spec-types" "6.10.0"
    "@solana/subscribable" "6.10.0"

"@solana/rpc-subscriptions@6.10.0":
  version "6.10.0"
  resolved "https://registry.yarnpkg.com/@solana/rpc-subscriptions/-/rpc-subscriptions-6.10.0.tgz#5be1af72d9f274a5381a8a24af978862b56bbf46"
  integrity sha512-6mfuHp/K7unFKCOTCCBC9ziEGnxe2tyJ74EbR51QUnBeCUdYD7Hhdpxic1WRSJ3UeNW/mG4OzFM6z8Wi64Eh9Q==
  dependencies:
    "@solana/errors" "6.10.0"
    "@solana/fast-stable-stringify" "6.10.0"
    "@solana/functional" "6.10.0"
    "@solana/promises" "6.10.0"
    "@solana/rpc-spec-types" "6.10.0"
    "@solana/rpc-subscriptions-api" "6.10.0"
    "@solana/rpc-subscriptions-channel-websocket" "6.10.0"
    "@solana/rpc-subscriptions-spec" "6.10.0"
    "@solana/rpc-transformers" "6.10.0"
    "@solana/rpc-types" "6.10.0"
    "@solana/subscribable" "6.10.0"

"@solana/rpc-transformers@6.10.0":
  version "6.10.0"
  resolved "https://registry.yarnpkg.com/@solana/rpc-transformers/-/rpc-transformers-6.10.0.tgz#db44e158297aef1b68f331f8ffc3bb8cb3560653"
  integrity sha512-2nFUrVTiE720pJOY4XKx3HuYmishw0of/4oScu76YGm6O8wsmvFvPNAkrEinmieWXQkfpBfRvLZmpl8PaAy+ug==
  dependencies:
    "@solana/errors" "6.10.0"
    "@solana/functional" "6.10.0"
    "@solana/nominal-types" "6.10.0"
    "@solana/rpc-spec-types" "6.10.0"
    "@solana/rpc-types" "6.10.0"

"@solana/rpc-transport-http@6.10.0":
  version "6.10.0"
  resolved "https://registry.yarnpkg.com/@solana/rpc-transport-http/-/rpc-transport-http-6.10.0.tgz#f99bcbb967109c866b77601c17eeb52c9414300b"
  integrity sha512-JrdNuYi0nBbD3X8JUtgX1dQJwIwz/WJvmigDdELysXfGB2bTJpfjqGDLhCLOz2sRl66FASIEqgG/LVa2C9VXcA==
  dependencies:
    "@solana/errors" "6.10.0"
    "@solana/rpc-spec" "6.10.0"
    "@solana/rpc-spec-types" "6.10.0"
    undici-types "^8.4.1"

"@solana/rpc-types@6.10.0":
  version "6.10.0"
  resolved "https://registry.yarnpkg.com/@solana/rpc-types/-/rpc-types-6.10.0.tgz#d2db609ba6deaeea0d9c099640ff32f64ffa102a"
  integrity sha512-zaSecTfCPvz/vcoAmKD6XoRstGHTr1EKJBD8T9UcpEFFB6CtF6DxerDB+wrzkamuT6msmnR2DWXMrYOGDAsgIg==
  dependencies:
    "@solana/addresses" "6.10.0"
    "@solana/codecs-core" "6.10.0"
    "@solana/codecs-numbers" "6.10.0"
    "@solana/codecs-strings" "6.10.0"
    "@solana/errors" "6.10.0"
    "@solana/fixed-points" "6.10.0"
    "@solana/nominal-types" "6.10.0"

"@solana/rpc@6.10.0":
  version "6.10.0"
  resolved "https://registry.yarnpkg.com/@solana/rpc/-/rpc-6.10.0.tgz#b30596320733bb4bd00cf62817d8d8f8f57b0950"
  integrity sha512-EwxsqoD+NXV+m+iobnWNtATD93gTgaNsOiQOzYB1/2e+8S6fl6obdNPB55yfXgtl4jt6GV6/ae4xuPhLv76vvg==
  dependencies:
    "@solana/errors" "6.10.0"
    "@solana/fast-stable-stringify" "6.10.0"
    "@solana/functional" "6.10.0"
    "@solana/rpc-api" "6.10.0"
    "@solana/rpc-spec" "6.10.0"
    "@solana/rpc-spec-types" "6.10.0"
    "@solana/rpc-transformers" "6.10.0"
    "@solana/rpc-transport-http" "6.10.0"
    "@solana/rpc-types" "6.10.0"

"@solana/signers@6.10.0", "@solana/signers@^6.8.0":
  version "6.10.0"
  resolved "https://registry.yarnpkg.com/@solana/signers/-/signers-6.10.0.tgz#32f51cde84a399a8008f284e8300bec68cd29a15"
  integrity sha512-+vtCc+mT1FpGxrA5oL2aaMxSHiMJ2hH5PcDIfjo2XJkHz2klZiCZyT5F9+zpltc9vdi1QTElQq59Sfplmtd33A==
  dependencies:
    "@solana/addresses" "6.10.0"
    "@solana/codecs-core" "6.10.0"
    "@solana/errors" "6.10.0"
    "@solana/instructions" "6.10.0"
    "@solana/keys" "6.10.0"
    "@solana/nominal-types" "6.10.0"
    "@solana/offchain-messages" "6.10.0"
    "@solana/transaction-messages" "6.10.0"
    "@solana/transactions" "6.10.0"

"@solana/subscribable@6.10.0":
  version "6.10.0"
  resolved "https://registry.yarnpkg.com/@solana/subscribable/-/subscribable-6.10.0.tgz#c44819d62e63145c067430c5c1c1e41263b9924d"
  integrity sha512-VsR6XMwkiDBkZJUcoGkEOhf397pOV75gKCL9Bx8bpi2T3Bbs0CxUpMn4yaUgAnRba3eXmjbXMNCXjttfa6sKbw==
  dependencies:
    "@solana/errors" "6.10.0"
    "@solana/promises" "6.10.0"

"@solana/sysvars@6.10.0":
  version "6.10.0"
  resolved "https://registry.yarnpkg.com/@solana/sysvars/-/sysvars-6.10.0.tgz#01597181374f1992364978d6a1ea27bfc90ef011"
  integrity sha512-cG13p1+onxz+20iWjwWQr1Z1jQwPm0fnjoW75fqZq7p4rVCie3L2sXvaJsYPjWKrUvpOzOIEHnqZGkG05rCpjg==
  dependencies:
    "@solana/accounts" "6.10.0"
    "@solana/codecs-core" "6.10.0"
    "@solana/codecs-data-structures" "6.10.0"
    "@solana/codecs-numbers" "6.10.0"
    "@solana/errors" "6.10.0"
    "@solana/rpc-types" "6.10.0"

"@solana/transaction-confirmation@6.10.0":
  version "6.10.0"
  resolved "https://registry.yarnpkg.com/@solana/transaction-confirmation/-/transaction-confirmation-6.10.0.tgz#4da442975f5ad0132419e8e3df613b3650d3f802"
  integrity sha512-ULvtg65qfenh4T/GYcIlKSUv5EqDcng9UN0dxbHU4kuZdR2e0B8HN2xDC4WhcFQVeFJSbTZmaYFkeTY/Y4gfGQ==
  dependencies:
    "@solana/addresses" "6.10.0"
    "@solana/codecs-strings" "6.10.0"
    "@solana/errors" "6.10.0"
    "@solana/keys" "6.10.0"
    "@solana/promises" "6.10.0"
    "@solana/rpc" "6.10.0"
    "@solana/rpc-subscriptions" "6.10.0"
    "@solana/rpc-types" "6.10.0"
    "@solana/transaction-messages" "6.10.0"
    "@solana/transactions" "6.10.0"

"@solana/transaction-messages@6.10.0":
  version "6.10.0"
  resolved "https://registry.yarnpkg.com/@solana/transaction-messages/-/transaction-messages-6.10.0.tgz#f0c2de941bc8787b42eec21e37af92ff2e6d5bd3"
  integrity sha512-s7v8G3BTxGlKYIj3eWCG0g1296v+1LBt16mVnlRH5FuyaJ5AdhlhtRho5HUDpdwE8EXun+y1c48V6uhcZ8wdbQ==
  dependencies:
    "@solana/addresses" "6.10.0"
    "@solana/codecs-core" "6.10.0"
    "@solana/codecs-data-structures" "6.10.0"
    "@solana/codecs-numbers" "6.10.0"
    "@solana/errors" "6.10.0"
    "@solana/functional" "6.10.0"
    "@solana/instructions" "6.10.0"
    "@solana/nominal-types" "6.10.0"
    "@solana/rpc-types" "6.10.0"

"@solana/transactions@6.10.0":
  version "6.10.0"
  resolved "https://registry.yarnpkg.com/@solana/transactions/-/transactions-6.10.0.tgz#a06485336ee8fe9059bf4a83fcefb2056935025d"
  integrity sha512-VADSqP9OTYmhrox4pcgDd4+RjVmednXSE0+8Y7SPK4PN1pK5Az2RJ0nSsy0xcTnaOr8mF/crwFktqPrRQwSbQA==
  dependencies:
    "@solana/addresses" "6.10.0"
    "@solana/codecs-core" "6.10.0"
    "@solana/codecs-data-structures" "6.10.0"
    "@solana/codecs-numbers" "6.10.0"
    "@solana/codecs-strings" "6.10.0"
    "@solana/errors" "6.10.0"
    "@solana/functional" "6.10.0"
    "@solana/instructions" "6.10.0"
    "@solana/keys" "6.10.0"
    "@solana/nominal-types" "6.10.0"
    "@solana/rpc-types" "6.10.0"
    "@solana/transaction-messages" "6.10.0"

"@solana/web3.js@^3.0.0-rc.1":
  version "3.0.0-rc.1"
  resolved "https://registry.yarnpkg.com/@solana/web3.js/-/web3.js-3.0.0-rc.1.tgz#90147c6f0b164a402d148d852ebeb01b7424c74a"
  integrity sha512-bTP4hm6HRSd4Nqa2XoHDYLA1p0J4iPbPEXwMMTrYaRoj+ksIm9QyCEJotzTtGgM/iebTButc+QLSugQbwenWRg==
  dependencies:
    "@noble/curves" "^1.4.2"
    "@noble/hashes" "^1.4.0"
    "@solana-program/address-lookup-table" "^0.11.0"
    "@solana-program/compute-budget" "^0.15.0"
    "@solana-program/stake" "^0.6.1"
    "@solana-program/system" "^0.12.0"
    "@solana/assertions" "^6.8.0"
    "@solana/fast-stable-stringify" "^6.8.0"
    "@solana/kit" "^6.8.0"
    "@solana/rpc-spec-types" "^6.8.0"
    "@solana/signers" "^6.8.0"

"@swc/helpers@^0.5.11":
  version "0.5.23"
  resolved "https://registry.yarnpkg.com/@swc/helpers/-/helpers-0.5.23.tgz#19287d0d86d962b111376039a50c792902c9a86a"
  integrity sha512-5lSsMOTXURePglDfvuAQUqkGek9Hg2kksOYay2m0+XR++b2NWYL/4sWyuvVBIs8oKnJaxkdi9whaL/sqN13afw==
  dependencies:
    tslib "^2.8.0"

"@types/connect@^3.4.33":
  version "3.4.38"
  resolved "https://registry.yarnpkg.com/@types/connect/-/connect-3.4.38.tgz#5ba7f3bc4fbbdeaff8dded952e5ff2cc53f8d858"
  integrity sha512-K6uROf1LD88uDQqJCktA4yzL1YYAK6NgfsI0v/mTgyPKWsX1CnJ0XPSDhViejru1GcRkLWb8RlzFYJRqGUbaug==
  dependencies:
    "@types/node" "*"

"@types/node@*":
  version "25.9.3"
  resolved "https://registry.yarnpkg.com/@types/node/-/node-25.9.3.tgz#11dfe7a33e68fa5c560f0aa76cc5595621ef26b9"
  integrity sha512-603BddQMv3pUcr4U2dhujk83N2tTDVr/34wII2B6bJy6g+8WD6yUb11jszNs0gdi4PesVWl7ABt8nYMVpnLUcg==
  dependencies:
    undici-types ">=7.24.0 <7.24.7"

"@types/node@^12.12.54":
  version "12.20.55"
  resolved "https://registry.yarnpkg.com/@types/node/-/node-12.20.55.tgz#c329cbd434c42164f846b909bd6f85b5537f6240"
  integrity sha512-J8xLz7q2OFulZ2cyGTLE1TbbZcjpno7FaN6zdJNrgAdrJ+DZzh/uFR6YrTb4C+nXakvud8Q4+rbhoIWlYQbUFQ==

"@types/ws@^7.4.4":
  version "7.4.7"
  resolved "https://registry.yarnpkg.com/@types/ws/-/ws-7.4.7.tgz#f7c390a36f7a0679aa69de2d501319f4f8d9b702"
  integrity sha512-JQbbmxZTZehdc2iszGKs5oC3NFnjeay7mtAWrdt7qNtAVK0g19muApzAy4bm9byz79xa2ZnO/BOBC2R8RC5Lww==
  dependencies:
    "@types/node" "*"

"@types/ws@^8.2.2":
  version "8.18.1"
  resolved "https://registry.yarnpkg.com/@types/ws/-/ws-8.18.1.tgz#48464e4bf2ddfd17db13d845467f6070ffea4aa9"
  integrity sha512-ThVF6DCVhA8kUGy+aazFQ4kXQ7E1Ty7A3ypFOe0IcJV8O/M511G99AW24irKrW56Wt44yG9+ij8FaqoBGkuBXg==
  dependencies:
    "@types/node" "*"

agentkeepalive@^4.5.0:
  version "4.6.0"
  resolved "https://registry.yarnpkg.com/agentkeepalive/-/agentkeepalive-4.6.0.tgz#35f73e94b3f40bf65f105219c623ad19c136ea6a"
  integrity sha512-kja8j7PjmncONqaTsB8fQ+wE2mSU2DJ9D4XKoJ5PFWIdRMa6SLSN1ff4mOr4jCbfRSsxR4keIiySJU0N9T5hIQ==
  dependencies:
    humanize-ms "^1.2.1"

base-x@^3.0.2:
  version "3.0.11"
  resolved "https://registry.yarnpkg.com/base-x/-/base-x-3.0.11.tgz#40d80e2a1aeacba29792ccc6c5354806421287ff"
  integrity sha512-xz7wQ8xDhdyP7tQxwdteLYeFfS68tSMNCZ/Y37WJ4bhGfKPpqEIlmIyueQHqOyoPhE6xNUqjzRr8ra0eF9VRvA==
  dependencies:
    safe-buffer "^5.0.1"

base64-js@^1.3.1:
  version "1.5.1"
  resolved "https://registry.yarnpkg.com/base64-js/-/base64-js-1.5.1.tgz#1b1b440160a5bf7ad40b650f095963481903930a"
  integrity sha512-AKpaYlHn8t4SVbOHCy+b5+KKgvR4vrsD8vbvrbiQJps7fKDTkjkDry6ji0rUJjC0kzbNePLwzxq8iypo41qeWA==

bn.js@^5.2.0, bn.js@^5.2.1:
  version "5.2.3"
  resolved "https://registry.yarnpkg.com/bn.js/-/bn.js-5.2.3.tgz#16a9e409616b23fef3ccbedb8d42f13bff80295e"
  integrity sha512-EAcmnPkxpntVL+DS7bO1zhcZNvCkxqtkd0ZY53h06GNQ3DEkkGZ/gKgmDv6DdZQGj9BgfSPKtJJ7Dp1GPP8f7w==

borsh@^0.7.0:
  version "0.7.0"
  resolved "https://registry.yarnpkg.com/borsh/-/borsh-0.7.0.tgz#6e9560d719d86d90dc589bca60ffc8a6c51fec2a"
  integrity sha512-CLCsZGIBCFnPtkNnieW/a8wmreDmfUtjU2m9yHrzPXIlNbqVs0AQrSatSG6vdNYUqdc83tkQi2eHfF98ubzQLA==
  dependencies:
    bn.js "^5.2.0"
    bs58 "^4.0.0"
    text-encoding-utf-8 "^1.0.2"

bs58@^4.0.0, bs58@^4.0.1:
  version "4.0.1"
  resolved "https://registry.yarnpkg.com/bs58/-/bs58-4.0.1.tgz#be161e76c354f6f788ae4071f63f34e8c4f0a42a"
  integrity sha512-Ok3Wdf5vOIlBrgCvTq96gBkJw+JUEzdBgyaza5HLtPm7yTHkjRy8+JzNyHF7BHa0bNWOQIp3m5YF0nnFcOIKLw==
  dependencies:
    base-x "^3.0.2"

buffer@6.0.3, buffer@^6.0.3, buffer@~6.0.3:
  version "6.0.3"
  resolved "https://registry.yarnpkg.com/buffer/-/buffer-6.0.3.tgz#2ace578459cc8fbe2a70aaa8f52ee63b6a74c6c6"
  integrity sha512-FTiCpNxtwiZZHEZbcbTIcZjERVICn9yq/pDFkTl95/AxzD1naBctN7YO68riM/gLSDY7sdrMby8hofADYuuqOA==
  dependencies:
    base64-js "^1.3.1"
    ieee754 "^1.2.1"

bufferutil@^4.0.1:
  version "4.1.0"
  resolved "https://registry.yarnpkg.com/bufferutil/-/bufferutil-4.1.0.tgz#a4623541dd23867626bb08a051ec0d2ec0b70294"
  integrity sha512-ZMANVnAixE6AWWnPzlW2KpUrxhm9woycYvPOo67jWHyFowASTEd9s+QN1EIMsSDtwhIxN4sWE1jotpuDUIgyIw==
  dependencies:
    node-gyp-build "^4.3.0"

chalk@5.6.2, chalk@^5.4.1:
  version "5.6.2"
  resolved "https://registry.yarnpkg.com/chalk/-/chalk-5.6.2.tgz#b1238b6e23ea337af71c7f8a295db5af0c158aea"
  integrity sha512-7NzBL0rN6fMUW+f7A6Io4h40qQlG+xGmtMxfbnH/K7TAtt8JQWVQK+6g0UXKMeVJoyV5EkkNsErQ8pVD3bLHbA==

commander@15.0.0:
  version "15.0.0"
  resolved "https://registry.yarnpkg.com/commander/-/commander-15.0.0.tgz#96f3961f12adac1799ef3fbd8bc61d40572d1b11"
  integrity sha512-z67u4ZhzCL/Tydu1lJARtEZYWbWaN7oYLHbsuzocr6y4N6WZAagG3RQ4FW61V1/0+jImpj293XfrcYnd1qxtPg==

commander@^14.0.0:
  version "14.0.3"
  resolved "https://registry.yarnpkg.com/commander/-/commander-14.0.3.tgz#425d79b48f9af82fcd9e4fc1ea8af6c5ec07bbc2"
  integrity sha512-H+y0Jo/T1RZ9qPP4Eh1pkcQcLRglraJaSLoyOtHxu6AapkjWVCy2Sit1QQ4x3Dng8qDlSsZEet7g5Pq06MvTgw==

commander@^2.20.3:
  version "2.20.3"
  resolved "https://registry.yarnpkg.com/commander/-/commander-2.20.3.tgz#fd485e84c03eb4881c20722ba48035e8531aeb33"
  integrity sha512-GpVkmM8vF2vQUkj2LvZmD35JxeJOLCwJ9cUkugyk2nuhbv3+mJvpLYYt+0+USMxE+oj+ey/lJEnhZw75x/OMcQ==

delay@^5.0.0:
  version "5.0.0"
  resolved "https://registry.yarnpkg.com/delay/-/delay-5.0.0.tgz#137045ef1b96e5071060dd5be60bf9334436bd1d"
  integrity sha512-ReEBKkIfe4ya47wlPYf/gu5ib6yUG0/Aez0JQZQz94kiWtRQvZIQbTiehsnwHvLSWJnQdhVeqYue7Id1dKr0qw==

es6-promise@^4.0.3:
  version "4.2.8"
  resolved "https://registry.yarnpkg.com/es6-promise/-/es6-promise-4.2.8.tgz#4eb21594c972bc40553d276e510539143db53e0a"
  integrity sha512-HJDGx5daxeIvxdBxvG2cb9g4tEvwIk3i8+nhX0yGrYmZUzbkdg8QbDevheDB8gd0//uPj4c1EQua8Q+MViT0/w==

es6-promisify@^5.0.0:
  version "5.0.0"
  resolved "https://registry.yarnpkg.com/es6-promisify/-/es6-promisify-5.0.0.tgz#5109d62f3e56ea967c4b63505aef08291c8a5203"
  integrity sha512-C+d6UdsYDk0lMebHNR4S2NybQMMngAOnOwYBQjTOiv0MkoJMP0Myw2mgpDLBcpfCmRLxyFqYhS/CfOENq4SJhQ==
  dependencies:
    es6-promise "^4.0.3"

eventemitter3@^5.0.1:
  version "5.0.4"
  resolved "https://registry.yarnpkg.com/eventemitter3/-/eventemitter3-5.0.4.tgz#a86d66170433712dde814707ac52b5271ceb1feb"
  integrity sha512-mlsTRyGaPBjPedk6Bvw+aqbsXDtoAyAzm5MO7JgU+yVRyMQ5O8bD4Kcci7BS85f93veegeCPkL8R4GLClnjLFw==

eyes@^0.1.8:
  version "0.1.8"
  resolved "https://registry.yarnpkg.com/eyes/-/eyes-0.1.8.tgz#62cf120234c683785d902348a800ef3e0cc20bc0"
  integrity sha512-GipyPsXO1anza0AOZdy69Im7hGFCNB7Y/NGjDlZGJ3GJJLtwNSb2vrzYrTYJRrRloVx7pl+bhUaTB8yiccPvFQ==

fast-stable-stringify@^1.0.0:
  version "1.0.0"
  resolved "https://registry.yarnpkg.com/fast-stable-stringify/-/fast-stable-stringify-1.0.0.tgz#5c5543462b22aeeefd36d05b34e51c78cb86d313"
  integrity sha512-wpYMUmFu5f00Sm0cj2pfivpmawLZ0NKdviQ4w9zJeR8JVtOpOxHmLaJuj0vxvGqMJQWyP/COUkF75/57OKyRag==

humanize-ms@^1.2.1:
  version "1.2.1"
  resolved "https://registry.yarnpkg.com/humanize-ms/-/humanize-ms-1.2.1.tgz#c46e3159a293f6b896da29316d8b6fe8bb79bbed"
  integrity sha512-Fl70vYtsAFb/C06PTS9dZBo7ihau+Tu/DNCk/OyHhea07S+aeMWpFFkUaXRa8fI+ScZbEI8dfSxwY7gxZ9SAVQ==
  dependencies:
    ms "^2.0.0"

ieee754@^1.2.1:
  version "1.2.1"
  resolved "https://registry.yarnpkg.com/ieee754/-/ieee754-1.2.1.tgz#8eb7a10a63fff25d15a57b001586d177d1b0d352"
  integrity sha512-dcyqhDvX1C46lXZcVqCpK+FtMRQVdIMN6/Df5js2zouUsqG7I6sFxitIC+7KYK29KdXOLHdu9zL4sFnoVQnqaA==

isomorphic-ws@^4.0.1:
  version "4.0.1"
  resolved "https://registry.yarnpkg.com/isomorphic-ws/-/isomorphic-ws-4.0.1.tgz#55fd4cd6c5e6491e76dc125938dd863f5cd4f2dc"
  integrity sha512-BhBvN2MBpWTaSHdWRb/bwdZJ1WaehQ2L1KngkCkfLUGF0mAWAT1sQUQacEmQ0jXkFw/czDXPNQSL5u2/Krsz1w==

jayson@^4.1.1:
  version "4.3.0"
  resolved "https://registry.yarnpkg.com/jayson/-/jayson-4.3.0.tgz#22eb8f3dcf37a5e893830e5451f32bde6d1bde4d"
  integrity sha512-AauzHcUcqs8OBnCHOkJY280VaTiCm57AbuO7lqzcw7JapGj50BisE3xhksye4zlTSR1+1tAz67wLTl8tEH1obQ==
  dependencies:
    "@types/connect" "^3.4.33"
    "@types/node" "^12.12.54"
    "@types/ws" "^7.4.4"
    commander "^2.20.3"
    delay "^5.0.0"
    es6-promisify "^5.0.0"
    eyes "^0.1.8"
    isomorphic-ws "^4.0.1"
    json-stringify-safe "^5.0.1"
    stream-json "^1.9.1"
    uuid "^8.3.2"
    ws "^7.5.10"

json-stringify-safe@^5.0.1:
  version "5.0.1"
  resolved "https://registry.yarnpkg.com/json-stringify-safe/-/json-stringify-safe-5.0.1.tgz#1296a2d58fd45f19a0f6ce01d65701e2c735b6eb"
  integrity sha512-ZClg6AaYvamvYEE82d3Iyd3vSSIjQ+odgjaTzRuO3s7toCdFKczob2i0zCh7JE8kWn17yvAWhUVxvqGwUalsRA==

"legacy-web3js@npm:@solana/web3.js@^1.98.0":
  version "1.98.4"
  resolved "https://registry.yarnpkg.com/@solana/web3.js/-/web3.js-1.98.4.tgz#df51d78be9d865181ec5138b4e699d48e6895bbe"
  integrity sha512-vv9lfnvjUsRiq//+j5pBdXig0IQdtzA0BRZ3bXEP4KaIyF1CcaydWqgyzQgfZMNIsWNWmG+AUHwPy4AHOD6gpw==
  dependencies:
    "@babel/runtime" "^7.25.0"
    "@noble/curves" "^1.4.2"
    "@noble/hashes" "^1.4.0"
    "@solana/buffer-layout" "^4.0.1"
    "@solana/codecs-numbers" "^2.1.0"
    agentkeepalive "^4.5.0"
    bn.js "^5.2.1"
    borsh "^0.7.0"
    bs58 "^4.0.1"
    buffer "6.0.3"
    fast-stable-stringify "^1.0.0"
    jayson "^4.1.1"
    node-fetch "^2.7.0"
    rpc-websockets "^9.0.2"
    superstruct "^2.0.2"

ms@^2.0.0:
  version "2.1.3"
  resolved "https://registry.yarnpkg.com/ms/-/ms-2.1.3.tgz#574c8138ce1d2b5861f0b44579dbadd60c6615b2"
  integrity sha512-6FlzubTLZG3J2a/NVCAleEhjzq5oxgHyaCU9yYXvcLsvoVaHJq/s5xXI6/XXP6tz7R9xAOtHnSO/tXtF3WRTlA==

node-fetch@^2.7.0:
  version "2.7.0"
  resolved "https://registry.yarnpkg.com/node-fetch/-/node-fetch-2.7.0.tgz#d0f0fa6e3e2dc1d27efcd8ad99d550bda94d187d"
  integrity sha512-c4FRfUm/dbcWZ7U+1Wq0AwCyFL+3nt2bEw05wfxSz+DWpWsitgmSgYmy2dQdWyKC1694ELPqMs/YzUSNozLt8A==
  dependencies:
    whatwg-url "^5.0.0"

node-gyp-build@^4.3.0:
  version "4.8.4"
  resolved "https://registry.yarnpkg.com/node-gyp-build/-/node-gyp-build-4.8.4.tgz#8a70ee85464ae52327772a90d66c6077a900cfc8"
  integrity sha512-LA4ZjwlnUblHVgq0oBF3Jl/6h/Nvs5fzBLwdEF4nuxnFdsfajde4WfxtJr3CaiH+F6ewcIB/q4jQ4UzPyid+CQ==

rpc-websockets@^9.0.2:
  version "9.3.10"
  resolved "https://registry.yarnpkg.com/rpc-websockets/-/rpc-websockets-9.3.10.tgz#d6f9b08edfac40e873a059b358806f6d58572e80"
  integrity sha512-QT5PQ6LiWhA5RCS93oWwgxU4XzQltkYm8C3aTmmKEgj0HolGRo3VbdzELw7CEV35l9T7Amha8Vnr4rCfSjVP+w==
  dependencies:
    "@swc/helpers" "^0.5.11"
    "@types/ws" "^8.2.2"
    buffer "^6.0.3"
    eventemitter3 "^5.0.1"
    ws "^8.5.0"
  optionalDependencies:
    bufferutil "^4.0.1"
    utf-8-validate "^6.0.0"

safe-buffer@^5.0.1:
  version "5.2.1"
  resolved "https://registry.yarnpkg.com/safe-buffer/-/safe-buffer-5.2.1.tgz#1eaf9fa9bdb1fdd4ec75f58f9cdb4e6b7827eec6"
  integrity sha512-rp3So07KcdmmKbGvgaNxQSJr7bGVSVk5S9Eq1F+ppbRo70+YeaDxkw5Dd8NPN+GD6bjnYm2VuPuCXmpuYvmCXQ==

stream-chain@^2.2.5:
  version "2.2.5"
  resolved "https://registry.yarnpkg.com/stream-chain/-/stream-chain-2.2.5.tgz#b30967e8f14ee033c5b9a19bbe8a2cba90ba0d09"
  integrity sha512-1TJmBx6aSWqZ4tx7aTpBDXK0/e2hhcNSTV8+CbFJtDjbb+I1mZ8lHit0Grw9GRT+6JbIrrDd8esncgBi8aBXGA==

stream-json@^1.9.1:
  version "1.9.1"
  resolved "https://registry.yarnpkg.com/stream-json/-/stream-json-1.9.1.tgz#e3fec03e984a503718946c170db7d74556c2a187"
  integrity sha512-uWkjJ+2Nt/LO9Z/JyKZbMusL8Dkh97uUBTv3AJQ74y07lVahLY4eEFsPsE97pxYBwr8nnjMAIch5eqI0gPShyw==
  dependencies:
    stream-chain "^2.2.5"

superstruct@^2.0.2:
  version "2.0.2"
  resolved "https://registry.yarnpkg.com/superstruct/-/superstruct-2.0.2.tgz#3f6d32fbdc11c357deff127d591a39b996300c54"
  integrity sha512-uV+TFRZdXsqXTL2pRvujROjdZQ4RAlBUS5BTh9IGm+jTqQntYThciG/qu57Gs69yjnVUSqdxF9YLmSnpupBW9A==

text-encoding-utf-8@^1.0.2:
  version "1.0.2"
  resolved "https://registry.yarnpkg.com/text-encoding-utf-8/-/text-encoding-utf-8-1.0.2.tgz#585b62197b0ae437e3c7b5d0af27ac1021e10d13"
  integrity sha512-8bw4MY9WjdsD2aMtO0OzOCY3pXGYNx2d2FfHRVUKkiCPDWjKuOlhLVASS+pD7VkLTVjW268LYJHwsnPFlBpbAg==

tr46@~0.0.3:
  version "0.0.3"
  resolved "https://registry.yarnpkg.com/tr46/-/tr46-0.0.3.tgz#8184fd347dac9cdc185992f3a6622e14b9d9ab6a"
  integrity sha512-N3WMsuqV66lT30CrXNbEjx4GEwlow3v6rr4mCcv6prnfwhS01rkgyFdjPNBYd9br7LpXV1+Emh01fHnq2Gdgrw==

tslib@^2.8.0:
  version "2.8.1"
  resolved "https://registry.yarnpkg.com/tslib/-/tslib-2.8.1.tgz#612efe4ed235d567e8aba5f2a5fab70280ade83f"
  integrity sha512-oJFu94HQb+KVduSUQL7wnpmqnfmLsOA/nAh6b6EH0wCEoK0/mPeXU6c3wKDV83MkOuHPRHtSXKKU99IBazS/2w==

"undici-types@>=7.24.0 <7.24.7":
  version "7.24.6"
  resolved "https://registry.yarnpkg.com/undici-types/-/undici-types-7.24.6.tgz#61275b485d7fd4e9d269c7cf04ec2873c9cc0f91"
  integrity sha512-WRNW+sJgj5OBN4/0JpHFqtqzhpbnV0GuB+OozA9gCL7a993SmU+1JBZCzLNxYsbMfIeDL+lTsphD5jN5N+n0zg==

undici-types@^8.4.1:
  version "8.5.0"
  resolved "https://registry.yarnpkg.com/undici-types/-/undici-types-8.5.0.tgz#6921806a1e213198adb20e357db9cce1c50e058e"
  integrity sha512-+FxhD+5RUdCZHlVPt+pd0DaYYHBPsgoHovxhMnFq9R1SOejHGE4ma0swzuRoKhOisEzsjFWdFedyD0JQmftrHg==

utf-8-validate@^6.0.0:
  version "6.0.6"
  resolved "https://registry.yarnpkg.com/utf-8-validate/-/utf-8-validate-6.0.6.tgz#8a842c9b15af3f6323a3d5ed5eb9e61d208d8c22"
  integrity sha512-q3l3P9UtEEiAHcsgsqTgf9PPjctrDWoIXW3NpOHFdRDbLvu4DLIcxHangJ4RLrWkBcKjmcs/6NkerI8T/rE4LA==
  dependencies:
    node-gyp-build "^4.3.0"

uuid@^8.3.2:
  version "8.3.2"
  resolved "https://registry.yarnpkg.com/uuid/-/uuid-8.3.2.tgz#80d5b5ced271bb9af6c445f21a1a04c606cefbe2"
  integrity sha512-+NYs2QeMWy+GWFOEm9xnn6HCDp0l7QBD7ml8zLUmJ+93Q5NF0NocErnwkTkXVFNiX3/fpC6afS8Dhb/gz7R7eg==

webidl-conversions@^3.0.0:
  version "3.0.1"
  resolved "https://registry.yarnpkg.com/webidl-conversions/-/webidl-conversions-3.0.1.tgz#24534275e2a7bc6be7bc86611cc16ae0a5654871"
  integrity sha512-2JAn3z8AR6rjK8Sm8orRC0h/bcl/DqL7tRPdGZ4I1CjdF+EaMLmYxBHyXuKL849eucPFhvBoxMsflfOb8kxaeQ==

whatwg-url@^5.0.0:
  version "5.0.0"
  resolved "https://registry.yarnpkg.com/whatwg-url/-/whatwg-url-5.0.0.tgz#966454e8765462e37644d3626f6742ce8b70965d"
  integrity sha512-saE57nupxk6v3HY35+jzBwYa0rKSy0XR8JSxZPwgLr7ys0IBzhGviA1/TUGJLmSVqs8pb9AnvICXEuOHLprYTw==
  dependencies:
    tr46 "~0.0.3"
    webidl-conversions "^3.0.0"

ws@^7.5.10:
  version "7.5.11"
  resolved "https://registry.yarnpkg.com/ws/-/ws-7.5.11.tgz#9460daf1812bb81a423c5b9eac746941a86310fa"
  integrity sha512-zS54Oen9bITtp7kp2XM3AydrCIq1D+HwJOuH+c+e4LfpL/lotP5osijd+UoMnxwAam1GN8R4KtLAyIrIcBNpiA==

ws@^8.21.0, ws@^8.5.0:
  version "8.21.0"
  resolved "https://registry.yarnpkg.com/ws/-/ws-8.21.0.tgz#012e413fc07429945121b0c153158c4343086951"
  integrity sha512-Vsp28b7DRcimFQvrqu2Wek3z1iYxDCWqHYB8Qsnk/S4RfaCQzPGPyBNuVjJV3cd6UiKtUtp6sNM77gWvzcCH+g==
